
Microsoft Visual Studio Solution File, Format Version 12.00
# Visual Studio Version 17
VisualStudioVersion = 17.2.32630.192
MinimumVisualStudioVersion = 10.0.40219.1
Project("{FAE04EC0-301F-11D3-BF4B-00C04F79EFBC}") = "AddressBook", "AddressBook\AddressBook.csproj", "{D1804ED6-14C6-4D9D-B937-5A8639BF30DC}"
EndProject
Global
	GlobalSection(SolutionConfigurationPlatforms) = preSolution
		Debug|Any CPU = Debug|Any CPU
		Release|Any CPU = Release|Any CPU
	EndGlobalSection
	GlobalSection(ProjectConfigurationPlatforms) = postSolution
		{D1804ED6-14C6-4D9D-B937-5A8639BF30DC}.Debug|Any CPU.ActiveCfg = Debug|Any CPU
		{D1804ED6-14C6-4D9D-B937-5A8639BF30DC}.Debug|Any CPU.Build.0 = Debug|Any CPU
		{D1804ED6-14C6-4D9D-B937-5A8639BF30DC}.Release|Any CPU.ActiveCfg = Release|Any CPU
		{D1804ED6-14C6-4D9D-B937-5A8639BF30DC}.Release|Any CPU.Build.0 = Release|Any CPU
	EndGlobalSection
	GlobalSection(SolutionProperties) = preSolution
		HideSolutionNode = FALSE
	EndGlobalSection
	GlobalSection(ExtensibilityGlobals) = postSolution
		SolutionGuid = {4F91C2C6-0DEE-4072-8162-333EBDBFB4F2}
	EndGlobalSection
EndGlobal
